// !$*UTF8*$!
{
	archiveVersion = 1;
	classes = {
	};
	objectVersion = 46;
	objects = {

/* Begin PBXBuildFile section */
		A1086A681ADF803200CAF7A3 /* main.m in Sources */ = {isa = PBXBuildFile; fileRef = A1086A671ADF803200CAF7A3 /* main.m */; };
		A1086A6B1ADF803200CAF7A3 /* AppDelegate.m in Sources */ = {isa = PBXBuildFile; fileRef = A1086A6A1ADF803200CAF7A3 /* AppDelegate.m */; };
		A1086A6E1ADF803200CAF7A3 /* ViewController.m in Sources */ = {isa = PBXBuildFile; fileRef = A1086A6D1ADF803200CAF7A3 /* ViewController.m */; };
		A1086A711ADF803200CAF7A3 /* Main.storyboard in Resources */ = {isa = PBXBuildFile; fileRef = A1086A6F1ADF803200CAF7A3 /* Main.storyboard */; };
		A1086A731ADF803200CAF7A3 /* Images.xcassets in Resources */ = {isa = PBXBuildFile; fileRef = A1086A721ADF803200CAF7A3 /* Images.xcassets */; };
		A1086A761ADF803200CAF7A3 /* LaunchScreen.xib in Resources */ = {isa = PBXBuildFile; fileRef = A1086A741ADF803200CAF7A3 /* LaunchScreen.xib */; };
		A1086A821ADF803200CAF7A3 /* SampleAppTests.m in Sources */ = {isa = PBXBuildFile; fileRef = A1086A811ADF803200CAF7A3 /* SampleAppTests.m */; };
		A1086A8C1ADF817300CAF7A3 /* MapKit.framework in Frameworks */ = {isa = PBXBuildFile; fileRef = A1086A8B1ADF817300CAF7A3 /* MapKit.framework */; };
		A1086A8E1ADF857A00CAF7A3 /* CoreLocation.framework in Frameworks */ = {isa = PBXBuildFile; fileRef = A1086A8D1ADF857A00CAF7A3 /* CoreLocation.framework */; };
/* End PBXBuildFile section */

/* Begin PBXContainerItemProxy section */
		A1086A7C1ADF803200CAF7A3 /* PBXContainerItemProxy */ = {
			isa = PBXContainerItemProxy;
			containerPortal = A1086A5A1ADF803200CAF7A3 /* Project object */;
			proxyType = 1;
			remoteGlobalIDString = A1086A611ADF803200CAF7A3;
			remoteInfo = SampleApp;
		};
/* End PBXContainerItemProxy section */

/* Begin PBXFileReference section */
		A1086A621ADF803200CAF7A3 /* SampleApp.app */ = {isa = PBXFileReference; explicitFileType = wrapper.application; includeInIndex = 0; path = SampleApp.app; sourceTree = BUILT_PRODUCTS_DIR; };
		A1086A661ADF803200CAF7A3 /* Info.plist */ = {isa = PBXFileReference; lastKnownFileType = text.plist.xml; path = Info.plist; sourceTree = "<group>"; };
		A1086A671ADF803200CAF7A3 /* main.m */ = {isa = PBXFileReference; lastKnownFileType = sourcecode.c.objc; path = main.m; sourceTree = "<group>"; };
		A1086A691ADF803200CAF7A3 /* AppDelegate.h */ = {isa = PBXFileReference; lastKnownFileType = sourcecode.c.h; path = AppDelegate.h; sourceTree = "<group>"; };
		A1086A6A1ADF803200CAF7A3 /* AppDelegate.m */ = {isa = PBXFileReference; lastKnownFileType = sourcecode.c.objc; path = AppDelegate.m; sourceTree = "<group>"; };
		A1086A6C1ADF803200CAF7A3 /* ViewController.h */ = {isa = PBXFileReference; lastKnownFileType = sourcecode.c.h; path = ViewController.h; sourceTree = "<group>"; };
		A1086A6D1ADF803200CAF7A3 /* ViewController.m */ = {isa = PBXFileReference; lastKnownFileType = sourcecode.c.objc; path = ViewController.m; sourceTree = "<group>"; };
		A1086A701ADF803200CAF7A3 /* Base */ = {isa = PBXFileReference; lastKnownFileType = file.storyboard; name = Base; path = Base.lproj/Main.storyboard; sourceTree = "<group>"; };
		A1086A721ADF803200CAF7A3 /* Images.xcassets */ = {isa = PBXFileReference; lastKnownFileType = folder.assetcatalog; path = Images.xcassets; sourceTree = "<group>"; };
		A1086A751ADF803200CAF7A3 /* Base */ = {isa = PBXFileReference; lastKnownFileType = file.xib; name = Base; path = Base.lproj/LaunchScreen.xib; sourceTree = "<group>"; };
		A1086A7B1ADF803200CAF7A3 /* SampleAppTests.xctest */ = {isa = PBXFileReference; explicitFileType = wrapper.cfbundle; includeInIndex = 0; path = SampleAppTests.xctest; sourceTree = BUILT_PRODUCTS_DIR; };
		A1086A801ADF803200CAF7A3 /* Info.plist */ = {isa = PBXFileReference; lastKnownFileType = text.plist.xml; path = Info.plist; sourceTree = "<group>"; };
		A1086A811ADF803200CAF7A3 /* SampleAppTests.m */ = {isa = PBXFileReference; lastKnownFileType = sourcecode.c.objc; path = SampleAppTests.m; sourceTree = "<group>"; };
		A1086A8B1ADF817300CAF7A3 /* MapKit.framework */ = {isa = PBXFileReference; lastKnownFileType = wrapper.framework; name = MapKit.framework; path = System/Library/Frameworks/MapKit.framework; sourceTree = SDKROOT; };
		A1086A8D1ADF857A00CAF7A3 /* CoreLocation.framework */ = {isa = PBXFileReference; lastKnownFileType = wrapper.framework; name = CoreLocation.framework; path = System/Library/Frameworks/CoreLocation.framework; sourceTree = SDKROOT; };
/* End PBXFileReference section */

/* Begin PBXFrameworksBuildPhase section */
		A1086A5F1ADF803200CAF7A3 /* Frameworks */ = {
			isa = PBXFrameworksBuildPhase;
			buildActionMask = 2147483647;
			files = (
				A1086A8E1ADF857A00CAF7A3 /* CoreLocation.framework in Frameworks */,
				A1086A8C1ADF817300CAF7A3 /* MapKit.framework in Frameworks */,
			);
			runOnlyForDeploymentPostprocessing = 0;
		};
		A1086A781ADF803200CAF7A3 /* Frameworks */ = {
			isa = PBXFrameworksBuildPhase;
			buildActionMask = 2147483647;
			files = (
			);
			runOnlyForDeploymentPostprocessing = 0;
		};
/* End PBXFrameworksBuildPhase section */

/* Begin PBXGroup section */
		A1086A591ADF803200CAF7A3 = {
			isa = PBXGroup;
			children = (
				A1086A8D1ADF857A00CAF7A3 /* CoreLocation.framework */,
				A1086A8B1ADF817300CAF7A3 /* MapKit.framework */,
				A1086A641ADF803200CAF7A3 /* SampleApp */,
				A1086A7E1ADF803200CAF7A3 /* SampleAppTests */,
				A1086A631ADF803200CAF7A3 /* Products */,
			);
			sourceTree = "<group>";
		};
		A1086A631ADF803200CAF7A3 /* Products */ = {
			isa = PBXGroup;
			children = (
				A1086A621ADF803200CAF7A3 /* SampleApp.app */,
				A1086A7B1ADF803200CAF7A3 /* SampleAppTests.xctest */,
			);
			name = Products;
			sourceTree = "<group>";
		};
		A1086A641ADF803200CAF7A3 /* SampleApp */ = {
			isa = PBXGroup;
			children = (
				A1086A691ADF803200CAF7A3 /* AppDelegate.h */,
				A1086A6A1ADF803200CAF7A3 /* AppDelegate.m */,
				A1086A6C1ADF803200CAF7A3 /* ViewController.h */,
				A1086A6D1ADF803200CAF7A3 /* ViewController.m */,
				A1086A6F1ADF803200CAF7A3 /* Main.storyboard */,
				A1086A721ADF803200CAF7A3 /* Images.xcassets */,
				A1086A741ADF803200CAF7A3 /* LaunchScreen.xib */,
				A1086A651ADF803200CAF7A3 /* Supporting Files */,
			);
			path = SampleApp;
			sourceTree = "<group>";
		};
		A1086A651ADF803200CAF7A3 /* Supporting Files */ = {
			isa = PBXGroup;
			children = (
				A1086A661ADF803200CAF7A3 /* Info.plist */,
				A1086A671ADF803200CAF7A3 /* main.m */,
			);
			name = "Supporting Files";
			sourceTree = "<group>";
		};
		A1086A7E1ADF803200CAF7A3 /* SampleAppTests */ = {
			isa = PBXGroup;
			children = (
				A1086A811ADF803200CAF7A3 /* SampleAppTests.m */,
				A1086A7F1ADF803200CAF7A3 /* Supporting Files */,
			);
			path = SampleAppTests;
			sourceTree = "<group>";
		};
		A1086A7F1ADF803200CAF7A3 /* Supporting Files */ = {
			isa = PBXGroup;
			children = (
				A1086A801ADF803200CAF7A3 /* Info.plist */,
			);
			name = "Supporting Files";
			sourceTree = "<group>";
		};
/* End PBXGroup section */

/* Begin PBXNativeTarget section */
		A1086A611ADF803200CAF7A3 /* SampleApp */ = {
			isa = PBXNativeTarget;
			buildConfigurationList = A1086A851ADF803200CAF7A3 /* Build configuration list for PBXNativeTarget "SampleApp" */;
			buildPhases = (
				A1086A5E1ADF803200CAF7A3 /* Sources */,
				A1086A5F1ADF803200CAF7A3 /* Frameworks */,
				A1086A601ADF803200CAF7A3 /* Resources */,
			);
			buildRules = (
			);
			dependencies = (
			);
			name = SampleApp;
			productName = SampleApp;
			productReference = A1086A621ADF803200CAF7A3 /* SampleApp.app */;
			productType = "com.apple.product-type.application";
		};
		A1086A7A1ADF803200CAF7A3 /* SampleAppTests */ = {
			isa = PBXNativeTarget;
			buildConfigurationList = A1086A881ADF803200CAF7A3 /* Build configuration list for PBXNativeTarget "SampleAppTests" */;
			buildPhases = (
				A1086A771ADF803200CAF7A3 /* Sources */,
				A1086A781ADF803200CAF7A3 /* Frameworks */,
				A1086A791ADF803200CAF7A3 /* Resources */,
			);
			buildRules = (
			);
			dependencies = (
				A1086A7D1ADF803200CAF7A3 /* PBXTargetDependency */,
			);
			name = SampleAppTests;
			productName = SampleAppTests;
			productReference = A1086A7B1ADF803200CAF7A3 /* SampleAppTests.xctest */;
			productType = "com.apple.product-type.bundle.unit-test";
		};
/* End PBXNativeTarget section */

/* Begin PBXProject section */
		A1086A5A1ADF803200CAF7A3 /* Project object */ = {
			isa = PBXProject;
			attributes = {
				LastUpgradeCheck = 0610;
				ORGANIZATIONNAME = "Apero Technologies";
				TargetAttributes = {
					A1086A611ADF803200CAF7A3 = {
						CreatedOnToolsVersion = 6.1.1;
					};
					A1086A7A1ADF803200CAF7A3 = {
						CreatedOnToolsVersion = 6.1.1;
						TestTargetID = A1086A611ADF803200CAF7A3;
					};
				};
			};
			buildConfigurationList = A1086A5D1ADF803200CAF7A3 /* Build configuration list for PBXProject "SampleApp" */;
			compatibilityVersion = "Xcode 3.2";
			developmentRegion = English;
			hasScannedForEncodings = 0;
			knownRegions = (
				en,
				Base,
			);
			mainGroup = A1086A591ADF803200CAF7A3;
			productRefGroup = A1086A631ADF803200CAF7A3 /* Products */;
			projectDirPath = "";
			projectRoot = "";
			targets = (
				A1086A611ADF803200CAF7A3 /* SampleApp */,
				A1086A7A1ADF803200CAF7A3 /* SampleAppTests */,
			);
		};
/* End PBXProject section */

/* Begin PBXResourcesBuildPhase section */
		A1086A601ADF803200CAF7A3 /* Resources */ = {
			isa = PBXResourcesBuildPhase;
			buildActionMask = 2147483647;
			files = (
				A1086A711ADF803200CAF7A3 /* Main.storyboard in Resources */,
				A1086A761ADF803200CAF7A3 /* LaunchScreen.xib in Resources */,
				A1086A731ADF803200CAF7A3 /* Images.xcassets in Resources */,
			);
			runOnlyForDeploymentPostprocessing = 0;
		};
		A1086A791ADF803200CAF7A3 /* Resources */ = {
			isa = PBXResourcesBuildPhase;
			buildActionMask = 2147483647;
			files = (
			);
			runOnlyForDeploymentPostprocessing = 0;
		};
/* End PBXResourcesBuildPhase section */

/* Begin PBXSourcesBuildPhase section */
		A1086A5E1ADF803200CAF7A3 /* Sources */ = {
			isa = PBXSourcesBuildPhase;
			buildActionMask = 2147483647;
			files = (
				A1086A6E1ADF803200CAF7A3 /* ViewController.m in Sources */,
				A1086A6B1ADF803200CAF7A3 /* AppDelegate.m in Sources */,
				A1086A681ADF803200CAF7A3 /* main.m in Sources */,
			);
			runOnlyForDeploymentPostprocessing = 0;
		};
		A1086A771ADF803200CAF7A3 /* Sources */ = {
			isa = PBXSourcesBuildPhase;
			buildActionMask = 2147483647;
			files = (
				A1086A821ADF803200CAF7A3 /* SampleAppTests.m in Sources */,
			);
			runOnlyForDeploymentPostprocessing = 0;
		};
/* End PBXSourcesBuildPhase section */

/* Begin PBXTargetDependency section */
		A1086A7D1ADF803200CAF7A3 /* PBXTargetDependency */ = {
			isa = PBXTargetDependency;
			target = A1086A611ADF803200CAF7A3 /* SampleApp */;
			targetProxy = A1086A7C1ADF803200CAF7A3 /* PBXContainerItemProxy */;
		};
/* End PBXTargetDependency section */

/* Begin PBXVariantGroup section */
		A1086A6F1ADF803200CAF7A3 /* Main.storyboard */ = {
			isa = PBXVariantGroup;
			children = (
				A1086A701ADF803200CAF7A3 /* Base */,
			);
			name = Main.storyboard;
			sourceTree = "<group>";
		};
		A1086A741ADF803200CAF7A3 /* LaunchScreen.xib */ = {
			isa = PBXVariantGroup;
			children = (
				A1086A751ADF803200CAF7A3 /* Base */,
			);
			name = LaunchScreen.xib;
			sourceTree = "<group>";
		};
/* End PBXVariantGroup section */

/* Begin XCBuildConfiguration section */
		A1086A831ADF803200CAF7A3 /* Debug */ = {
			isa = XCBuildConfiguration;
			buildSettings = {
				ALWAYS_SEARCH_USER_PATHS = NO;
				CLANG_CXX_LANGUAGE_STANDARD = "gnu++0x";
				CLANG_CXX_LIBRARY = "libc++";
				CLANG_ENABLE_MODULES = YES;
				CLANG_ENABLE_OBJC_ARC = YES;
				CLANG_WARN_BOOL_CONVERSION = YES;
				CLANG_WARN_CONSTANT_CONVERSION = YES;
				CLANG_WARN_DIRECT_OBJC_ISA_USAGE = YES_ERROR;
				CLANG_WARN_EMPTY_BODY = YES;
				CLANG_WARN_ENUM_CONVERSION = YES;
				CLANG_WARN_INT_CONVERSION = YES;
				CLANG_WARN_OBJC_ROOT_CLASS = YES_ERROR;
				CLANG_WARN_UNREACHABLE_CODE = YES;
				CLANG_WARN__DUPLICATE_METHOD_MATCH = YES;
				"CODE_SIGN_IDENTITY[sdk=iphoneos*]" = "iPhone Developer";
				COPY_PHASE_STRIP = NO;
				ENABLE_STRICT_OBJC_MSGSEND = YES;
				GCC_C_LANGUAGE_STANDARD = gnu99;
				GCC_DYNAMIC_NO_PIC = NO;
				GCC_OPTIMIZATION_LEVEL = 0;
				GCC_PREPROCESSOR_DEFINITIONS = (
					"DEBUG=1",
					"$(inherited)",
				);
				GCC_SYMBOLS_PRIVATE_EXTERN = NO;
				GCC_WARN_64_TO_32_BIT_CONVERSION = YES;
				GCC_WARN_ABOUT_RETURN_TYPE = YES_ERROR;
				GCC_WARN_UNDECLARED_SELECTOR = YES;
				GCC_WARN_UNINITIALIZED_AUTOS = YES_AGGRESSIVE;
				GCC_WARN_UNUSED_FUNCTION = YES;
				GCC_WARN_UNUSED_VARIABLE = YES;
				IPHONEOS_DEPLOYMENT_TARGET = 8.1;
				MTL_ENABLE_DEBUG_INFO = YES;
				ONLY_ACTIVE_ARCH = YES;
				SDKROOT = iphoneos;
				TARGETED_DEVICE_FAMILY = "1,2";
			};
			name = Debug;
		};
		A1086A841ADF803200CAF7A3 /* Release */ = {
			isa = XCBuildConfiguration;
			buildSettings = {
				ALWAYS_SEARCH_USER_PATHS = NO;
				CLANG_CXX_LANGUAGE_STANDARD = "gnu++0x";
				CLANG_CXX_LIBRARY = "libc++";
				CLANG_ENABLE_MODULES = YES;
				CLANG_ENABLE_OBJC_ARC = YES;
				CLANG_WARN_BOOL_CONVERSION = YES;
				CLANG_WARN_CONSTANT_CONVERSION = YES;
				CLANG_WARN_DIRECT_OBJC_ISA_USAGE = YES_ERROR;
				CLANG_WARN_EMPTY_BODY = YES;
				CLANG_WARN_ENUM_CONVERSION = YES;
				CLANG_WARN_INT_CONVERSION = YES;
				CLANG_WARN_OBJC_ROOT_CLASS = YES_ERROR;
				CLANG_WARN_UNREACHABLE_CODE = YES;
				CLANG_WARN__DUPLICATE_METHOD_MATCH = YES;
				"CODE_SIGN_IDENTITY[sdk=iphoneos*]" = "iPhone Developer";
				COPY_PHASE_STRIP = YES;
				ENABLE_NS_ASSERTIONS = NO;
				ENABLE_STRICT_OBJC_MSGSEND = YES;
				GCC_C_LANGUAGE_STANDARD = gnu99;
				GCC_WARN_64_TO_32_BIT_CONVERSION = YES;
				GCC_WARN_ABOUT_RETURN_TYPE = YES_ERROR;
				GCC_WARN_UNDECLARED_SELECTOR = YES;
				GCC_WARN_UNINITIALIZED_AUTOS = YES_AGGRESSIVE;
				GCC_WARN_UNUSED_FUNCTION = YES;
				GCC_WARN_UNUSED_VARIABLE = YES;
				IPHONEOS_DEPLOYMENT_TARGET = 8.1;
				MTL_ENABLE_DEBUG_INFO = NO;
				SDKROOT = iphoneos;
				TARGETED_DEVICE_FAMILY = "1,2";
				VALIDATE_PRODUCT = YES;
			};
			name = Release;
		};
		A1086A861ADF803200CAF7A3 /* Debug */ = {
			isa = XCBuildConfiguration;
			buildSettings = {
				ASSETCATALOG_COMPILER_APPICON_NAME = AppIcon;
				INFOPLIST_FILE = SampleApp/Info.plist;
				LD_RUNPATH_SEARCH_PATHS = "$(inherited) @executable_path/Frameworks";
				PRODUCT_NAME = "$(TARGET_NAME)";
			};
			name = Debug;
		};
		A1086A871ADF803200CAF7A3 /* Release */ = {
			isa = XCBuildConfiguration;
			buildSettings = {
				ASSETCATALOG_COMPILER_APPICON_NAME = AppIcon;
				INFOPLIST_FILE = SampleApp/Info.plist;
				LD_RUNPATH_SEARCH_PATHS = "$(inherited) @executable_path/Frameworks";
				PRODUCT_NAME = "$(TARGET_NAME)";
			};
			name = Release;
		};
		A1086A891ADF803200CAF7A3 /* Debug */ = {
			isa = XCBuildConfiguration;
			buildSettings = {
				BUNDLE_LOADER = "$(TEST_HOST)";
				FRAMEWORK_SEARCH_PATHS = (
					"$(SDKROOT)/Developer/Library/Frameworks",
					"$(inherited)",
				);
				GCC_PREPROCESSOR_DEFINITIONS = (
					"DEBUG=1",
					"$(inherited)",
				);
				INFOPLIST_FILE = SampleAppTests/Info.plist;
				LD_RUNPATH_SEARCH_PATHS = "$(inherited) @executable_path/Frameworks @loader_path/Frameworks";
				PRODUCT_NAME = "$(TARGET_NAME)";
				TEST_HOST = "$(BUILT_PRODUCTS_DIR)/SampleApp.app/SampleApp";
			};
			name = Debug;
		};
		A1086A8A1ADF803200CAF7A3 /* Release */ = {
			isa = XCBuildConfiguration;
			buildSettings = {
				BUNDLE_LOADER = "$(TEST_HOST)";
				FRAMEWORK_SEARCH_PATHS = (
					"$(SDKROOT)/Developer/Library/Frameworks",
					"$(inherited)",
				);
				INFOPLIST_FILE = SampleAppTests/Info.plist;
				LD_RUNPATH_SEARCH_PATHS = "$(inherited) @executable_path/Frameworks @loader_path/Frameworks";
				PRODUCT_NAME = "$(TARGET_NAME)";
				TEST_HOST = "$(BUILT_PRODUCTS_DIR)/SampleApp.app/SampleApp";
			};
			name = Release;
		};
/* End XCBuildConfiguration section */

/* Begin XCConfigurationList section */
		A1086A5D1ADF803200CAF7A3 /* Build configuration list for PBXProject "SampleApp" */ = {
			isa = XCConfigurationList;
			buildConfigurations = (
				A1086A831ADF803200CAF7A3 /* Debug */,
				A1086A841ADF803200CAF7A3 /* Release */,
			);
			defaultConfigurationIsVisible = 0;
			defaultConfigurationName = Release;
		};
		A1086A851ADF803200CAF7A3 /* Build configuration list for PBXNativeTarget "SampleApp" */ = {
			isa = XCConfigurationList;
			buildConfigurations = (
				A1086A861ADF803200CAF7A3 /* Debug */,
				A1086A871ADF803200CAF7A3 /* Release */,
			);
			defaultConfigurationIsVisible = 0;
		};
		A1086A881ADF803200CAF7A3 /* Build configuration list for PBXNativeTarget "SampleAppTests" */ = {
			isa = XCConfigurationList;
			buildConfigurations = (
				A1086A891ADF803200CAF7A3 /* Debug */,
				A1086A8A1ADF803200CAF7A3 /* Release */,
			);
			defaultConfigurationIsVisible = 0;
		};
/* End XCConfigurationList section */
	};
	rootObject = A1086A5A1ADF803200CAF7A3 /* Project object */;
}
